
Microsoft Visual Studio Solution File, Format Version 12.00
# Visual Studio Version 17
VisualStudioVersion = 17.11.35222.181
MinimumVisualStudioVersion = 10.0.40219.1
Project("{FAE04EC0-301F-11D3-BF4B-00C04F79EFBC}") = "DriversAPI", "DriversAPI\DriversAPI.csproj", "{B91154D9-5BDB-4AC7-9D64-B603998D960A}"
EndProject
Global
	GlobalSection(SolutionConfigurationPlatforms) = preSolution
		Debug|Any CPU = Debug|Any CPU
		Release|Any CPU = Release|Any CPU
	EndGlobalSection
	GlobalSection(ProjectConfigurationPlatforms) = postSolution
		{B91154D9-5BDB-4AC7-9D64-B603998D960A}.Debug|Any CPU.ActiveCfg = Debug|Any CPU
		{B91154D9-5BDB-4AC7-9D64-B603998D960A}.Debug|Any CPU.Build.0 = Debug|Any CPU
		{B91154D9-5BDB-4AC7-9D64-B603998D960A}.Release|Any CPU.ActiveCfg = Release|Any CPU
		{B91154D9-5BDB-4AC7-9D64-B603998D960A}.Release|Any CPU.Build.0 = Release|Any CPU
	EndGlobalSection
	GlobalSection(SolutionProperties) = preSolution
		HideSolutionNode = FALSE
	EndGlobalSection
	GlobalSection(ExtensibilityGlobals) = postSolution
		SolutionGuid = {EC024D9D-F0A5-4B15-9310-9C5AE5AA8CB2}
	EndGlobalSection
EndGlobal
